# This file is automatically @generated by tinymist.
# It is not intended for manual editing.
version = "0.1.0-beta0"

[[document]]
id = "file:presentation/main.typ"
inputs = []
main = "file:presentation/main.typ"
root = "file:."
system-fonts = true

[[route]]
id = "file:presentation/main.typ"
priority = 256

[[task]]
document = "file:presentation/main.typ"
id = "file:presentation/main.typ"
output = "$root/build/$name"
type = "export-pdf"
when = "never"
